dependencies:
  idf:
    source:
      type: idf
    version: 5.5.2
  myADC:
    component_hash: 7b9c99727d5023ea65ebec5d771e739d6ea467e87d1f4faaa9ad3d10c124bd5a
    dependencies: []
    source:
      git: git@github.com:KNaelaerts/ESP32_Periferie.git
      path: components/myADC
      type: git
    version: 751e0b19e37d47a4c4e2a0c9d528dd3af1f128b6
  myGPIO:
    component_hash: 6e9caf0ea609a17e939511db326c103bd5febeaca93f33458b9d9cced5b11d4b
    dependencies: []
    source:
      git: git@github.com:KNaelaerts/ESP32_Periferie.git
      path: components/myGPIO
      type: git
    version: 751e0b19e37d47a4c4e2a0c9d528dd3af1f128b6
  myPWM:
    component_hash: 4b0aa239c7599c6db5e2a3e4a6b473dc8c0205662cb6a4e61f66710279111342
    dependencies: []
    source:
      git: git@github.com:KNaelaerts/ESP32_Periferie.git
      path: components/myPWM
      type: git
    version: 751e0b19e37d47a4c4e2a0c9d528dd3af1f128b6
direct_dependencies:
- myADC
- myGPIO
- myPWM
manifest_hash: 0aab35fcf264553efa59d26ddbdb3339359c3ef750a0deb82f70cf8aee0486ae
target: esp32
version: 2.0.0
